// !$*UTF8*$!
{
	archiveVersion = 1;
	classes = {
	};
	objectVersion = 77;
	objects = {

/* Begin PBXContainerItemProxy section */
		4B27BC612E0728D600CDFE95 /* PBXContainerItemProxy */ = {
			isa = PBXContainerItemProxy;
			containerPortal = 4B27BC482E0728D300CDFE95 /* Project object */;
			proxyType = 1;
			remoteGlobalIDString = 4B27BC4F2E0728D300CDFE95;
			remoteInfo = HealthDemo;
		};
		4B27BC6B2E0728D600CDFE95 /* PBXContainerItemProxy */ = {
			isa = PBXContainerItemProxy;
			containerPortal = 4B27BC482E0728D300CDFE95 /* Project object */;
			proxyType = 1;
			remoteGlobalIDString = 4B27BC4F2E0728D300CDFE95;
			remoteInfo = HealthDemo;
		};
/* End PBXContainerItemProxy section */

/* Begin PBXFileReference section */
		4B27BC502E0728D300CDFE95 /* HealthDemo.app */ = {isa = PBXFileReference; explicitFileType = wrapper.application; includeInIndex = 0; path = HealthDemo.app; sourceTree = BUILT_PRODUCTS_DIR; };
		4B27BC602E0728D600CDFE95 /* HealthDemoTests.xctest */ = {isa = PBXFileReference; explicitFileType = wrapper.cfbundle; includeInIndex = 0; path = HealthDemoTests.xctest; sourceTree = BUILT_PRODUCTS_DIR; };
		4B27BC6A2E0728D600CDFE95 /* HealthDemoUITests.xctest */ = {isa = PBXFileReference; explicitFileType = wrapper.cfbundle; includeInIndex = 0; path = HealthDemoUITests.xctest; sourceTree = BUILT_PRODUCTS_DIR; };
/* End PBXFileReference section */

/* Begin PBXFileSystemSynchronizedRootGroup section */
		4B27BC522E0728D300CDFE95 /* HealthDemo */ = {
			isa = PBXFileSystemSynchronizedRootGroup;
			path = HealthDemo;
			sourceTree = "<group>";
		};
		4B27BC632E0728D600CDFE95 /* HealthDemoTests */ = {
			isa = PBXFileSystemSynchronizedRootGroup;
			path = HealthDemoTests;
			sourceTree = "<group>";
		};
		4B27BC6D2E0728D600CDFE95 /* HealthDemoUITests */ = {
			isa = PBXFileSystemSynchronizedRootGroup;
			path = HealthDemoUITests;
			sourceTree = "<group>";
		};
/* End PBXFileSystemSynchronizedRootGroup section */

/* Begin PBXFrameworksBuildPhase section */
		4B27BC4D2E0728D300CDFE95 /* Frameworks */ = {
			isa = PBXFrameworksBuildPhase;
			buildActionMask = 2147483647;
			files = (
			);
			runOnlyForDeploymentPostprocessing = 0;
		};
		4B27BC5D2E0728D600CDFE95 /* Frameworks */ = {
			isa = PBXFrameworksBuildPhase;
			buildActionMask = 2147483647;
			files = (
			);
			runOnlyForDeploymentPostprocessing = 0;
		};
		4B27BC672E0728D600CDFE95 /* Frameworks */ = {
			isa = PBXFrameworksBuildPhase;
			buildActionMask = 2147483647;
			files = (
			);
			runOnlyForDeploymentPostprocessing = 0;
		};
/* End PBXFrameworksBuildPhase section */

/* Begin PBXGroup section */
		4B27BC472E0728D300CDFE95 = {
			isa = PBXGroup;
			children = (
				4B27BC522E0728D300CDFE95 /* HealthDemo */,
				4B27BC632E0728D600CDFE95 /* HealthDemoTests */,
				4B27BC6D2E0728D600CDFE95 /* HealthDemoUITests */,
				4B27BC512E0728D300CDFE95 /* Products */,
			);
			sourceTree = "<group>";
		};
		4B27BC512E0728D300CDFE95 /* Products */ = {
			isa = PBXGroup;
			children = (
				4B27BC502E0728D300CDFE95 /* HealthDemo.app */,
				4B27BC602E0728D600CDFE95 /* HealthDemoTests.xctest */,
				4B27BC6A2E0728D600CDFE95 /* HealthDemoUITests.xctest */,
			);
			name = Products;
			sourceTree = "<group>";
		};
/* End PBXGroup section */

/* Begin PBXNativeTarget section */
		4B27BC4F2E0728D300CDFE95 /* HealthDemo */ = {
			isa = PBXNativeTarget;
			buildConfigurationList = 4B27BC742E0728D600CDFE95 /* Build configuration list for PBXNativeTarget "HealthDemo" */;
			buildPhases = (
				4B27BC4C2E0728D300CDFE95 /* Sources */,
				4B27BC4D2E0728D300CDFE95 /* Frameworks */,
				4B27BC4E2E0728D300CDFE95 /* Resources */,
			);
			buildRules = (
			);
			dependencies = (
			);
			fileSystemSynchronizedGroups = (
				4B27BC522E0728D300CDFE95 /* HealthDemo */,
			);
			name = HealthDemo;
			packageProductDependencies = (
			);
			productName = HealthDemo;
			productReference = 4B27BC502E0728D300CDFE95 /* HealthDemo.app */;
			productType = "com.apple.product-type.application";
		};
		4B27BC5F2E0728D600CDFE95 /* HealthDemoTests */ = {
			isa = PBXNativeTarget;
			buildConfigurationList = 4B27BC772E0728D600CDFE95 /* Build configuration list for PBXNativeTarget "HealthDemoTests" */;
			buildPhases = (
				4B27BC5C2E0728D600CDFE95 /* Sources */,
				4B27BC5D2E0728D600CDFE95 /* Frameworks */,
				4B27BC5E2E0728D600CDFE95 /* Resources */,
			);
			buildRules = (
			);
			dependencies = (
				4B27BC622E0728D600CDFE95 /* PBXTargetDependency */,
			);
			fileSystemSynchronizedGroups = (
				4B27BC632E0728D600CDFE95 /* HealthDemoTests */,
			);
			name = HealthDemoTests;
			packageProductDependencies = (
			);
			productName = HealthDemoTests;
			productReference = 4B27BC602E0728D600CDFE95 /* HealthDemoTests.xctest */;
			productType = "com.apple.product-type.bundle.unit-test";
		};
		4B27BC692E0728D600CDFE95 /* HealthDemoUITests */ = {
			isa = PBXNativeTarget;
			buildConfigurationList = 4B27BC7A2E0728D600CDFE95 /* Build configuration list for PBXNativeTarget "HealthDemoUITests" */;
			buildPhases = (
				4B27BC662E0728D600CDFE95 /* Sources */,
				4B27BC672E0728D600CDFE95 /* Frameworks */,
				4B27BC682E0728D600CDFE95 /* Resources */,
			);
			buildRules = (
			);
			dependencies = (
				4B27BC6C2E0728D600CDFE95 /* PBXTargetDependency */,
			);
			fileSystemSynchronizedGroups = (
				4B27BC6D2E0728D600CDFE95 /* HealthDemoUITests */,
			);
			name = HealthDemoUITests;
			packageProductDependencies = (
			);
			productName = HealthDemoUITests;
			productReference = 4B27BC6A2E0728D600CDFE95 /* HealthDemoUITests.xctest */;
			productType = "com.apple.product-type.bundle.ui-testing";
		};
/* End PBXNativeTarget section */

/* Begin PBXProject section */
		4B27BC482E0728D300CDFE95 /* Project object */ = {
			isa = PBXProject;
			attributes = {
				BuildIndependentTargetsInParallel = 1;
				LastSwiftUpdateCheck = 1600;
				LastUpgradeCheck = 1600;
				TargetAttributes = {
					4B27BC4F2E0728D300CDFE95 = {
						CreatedOnToolsVersion = 16.0;
					};
					4B27BC5F2E0728D600CDFE95 = {
						CreatedOnToolsVersion = 16.0;
						TestTargetID = 4B27BC4F2E0728D300CDFE95;
					};
					4B27BC692E0728D600CDFE95 = {
						CreatedOnToolsVersion = 16.0;
						TestTargetID = 4B27BC4F2E0728D300CDFE95;
					};
				};
			};
			buildConfigurationList = 4B27BC4B2E0728D300CDFE95 /* Build configuration list for PBXProject "HealthDemo" */;
			developmentRegion = en;
			hasScannedForEncodings = 0;
			knownRegions = (
				en,
				Base,
			);
			mainGroup = 4B27BC472E0728D300CDFE95;
			minimizedProjectReferenceProxies = 1;
			preferredProjectObjectVersion = 77;
			productRefGroup = 4B27BC512E0728D300CDFE95 /* Products */;
			projectDirPath = "";
			projectRoot = "";
			targets = (
				4B27BC4F2E0728D300CDFE95 /* HealthDemo */,
				4B27BC5F2E0728D600CDFE95 /* HealthDemoTests */,
				4B27BC692E0728D600CDFE95 /* HealthDemoUITests */,
			);
		};
/* End PBXProject section */

/* Begin PBXResourcesBuildPhase section */
		4B27BC4E2E0728D300CDFE95 /* Resources */ = {
			isa = PBXResourcesBuildPhase;
			buildActionMask = 2147483647;
			files = (
			);
			runOnlyForDeploymentPostprocessing = 0;
		};
		4B27BC5E2E0728D600CDFE95 /* Resources */ = {
			isa = PBXResourcesBuildPhase;
			buildActionMask = 2147483647;
			files = (
			);
			runOnlyForDeploymentPostprocessing = 0;
		};
		4B27BC682E0728D600CDFE95 /* Resources */ = {
			isa = PBXResourcesBuildPhase;
			buildActionMask = 2147483647;
			files = (
			);
			runOnlyForDeploymentPostprocessing = 0;
		};
/* End PBXResourcesBuildPhase section */

/* Begin PBXSourcesBuildPhase section */
		4B27BC4C2E0728D300CDFE95 /* Sources */ = {
			isa = PBXSourcesBuildPhase;
			buildActionMask = 2147483647;
			files = (
			);
			runOnlyForDeploymentPostprocessing = 0;
		};
		4B27BC5C2E0728D600CDFE95 /* Sources */ = {
			isa = PBXSourcesBuildPhase;
			buildActionMask = 2147483647;
			files = (
			);
			runOnlyForDeploymentPostprocessing = 0;
		};
		4B27BC662E0728D600CDFE95 /* Sources */ = {
			isa = PBXSourcesBuildPhase;
			buildActionMask = 2147483647;
			files = (
			);
			runOnlyForDeploymentPostprocessing = 0;
		};
/* End PBXSourcesBuildPhase section */

/* Begin PBXTargetDependency section */
		4B27BC622E0728D600CDFE95 /* PBXTargetDependency */ = {
			isa = PBXTargetDependency;
			target = 4B27BC4F2E0728D300CDFE95 /* HealthDemo */;
			targetProxy = 4B27BC612E0728D600CDFE95 /* PBXContainerItemProxy */;
		};
		4B27BC6C2E0728D600CDFE95 /* PBXTargetDependency */ = {
			isa = PBXTargetDependency;
			target = 4B27BC4F2E0728D300CDFE95 /* HealthDemo */;
			targetProxy = 4B27BC6B2E0728D600CDFE95 /* PBXContainerItemProxy */;
		};
/* End PBXTargetDependency section */

/* Begin XCBuildConfiguration section */
		4B27BC722E0728D600CDFE95 /* Debug */ = {
			isa = XCBuildConfiguration;
			buildSettings = {
				ALWAYS_SEARCH_USER_PATHS = NO;
				ASSETCATALOG_COMPILER_GENERATE_SWIFT_ASSET_SYMBOL_EXTENSIONS = YES;
				CLANG_ANALYZER_NONNULL = YES;
				CLANG_ANALYZER_NUMBER_OBJECT_CONVERSION = YES_AGGRESSIVE;
				CLANG_CXX_LANGUAGE_STANDARD = "gnu++20";
				CLANG_ENABLE_MODULES = YES;
				CLANG_ENABLE_OBJC_ARC = YES;
				CLANG_ENABLE_OBJC_WEAK = YES;
				CLANG_WARN_BLOCK_CAPTURE_AUTORELEASING = YES;
				CLANG_WARN_BOOL_CONVERSION = YES;
				CLANG_WARN_COMMA = YES;
				CLANG_WARN_CONSTANT_CONVERSION = YES;
				CLANG_WARN_DEPRECATED_OBJC_IMPLEMENTATIONS = YES;
				CLANG_WARN_DIRECT_OBJC_ISA_USAGE = YES_ERROR;
				CLANG_WARN_DOCUMENTATION_COMMENTS = YES;
				CLANG_WARN_EMPTY_BODY = YES;
				CLANG_WARN_ENUM_CONVERSION = YES;
				CLANG_WARN_INFINITE_RECURSION = YES;
				CLANG_WARN_INT_CONVERSION = YES;
				CLANG_WARN_NON_LITERAL_NULL_CONVERSION = YES;
				CLANG_WARN_OBJC_IMPLICIT_RETAIN_SELF = YES;
				CLANG_WARN_OBJC_LITERAL_CONVERSION = YES;
				CLANG_WARN_OBJC_ROOT_CLASS = YES_ERROR;
				CLANG_WARN_QUOTED_INCLUDE_IN_FRAMEWORK_HEADER = YES;
				CLANG_WARN_RANGE_LOOP_ANALYSIS = YES;
				CLANG_WARN_STRICT_PROTOTYPES = YES;
				CLANG_WARN_SUSPICIOUS_MOVE = YES;
				CLANG_WARN_UNGUARDED_AVAILABILITY = YES_AGGRESSIVE;
				CLANG_WARN_UNREACHABLE_CODE = YES;
				CLANG_WARN__DUPLICATE_METHOD_MATCH = YES;
				COPY_PHASE_STRIP = NO;
				DEBUG_INFORMATION_FORMAT = dwarf;
				ENABLE_STRICT_OBJC_MSGSEND = YES;
				ENABLE_TESTABILITY = YES;
				ENABLE_USER_SCRIPT_SANDBOXING = YES;
				GCC_C_LANGUAGE_STANDARD = gnu17;
				GCC_DYNAMIC_NO_PIC = NO;
				GCC_NO_COMMON_BLOCKS = YES;
				GCC_OPTIMIZATION_LEVEL = 0;
				GCC_PREPROCESSOR_DEFINITIONS = (
					"DEBUG=1",
					"$(inherited)",
				);
				GCC_WARN_64_TO_32_BIT_CONVERSION = YES;
				GCC_WARN_ABOUT_RETURN_TYPE = YES_ERROR;
				GCC_WARN_UNDECLARED_SELECTOR = YES;
				GCC_WARN_UNINITIALIZED_AUTOS = YES_AGGRESSIVE;
				GCC_WARN_UNUSED_FUNCTION = YES;
				GCC_WARN_UNUSED_VARIABLE = YES;
				IPHONEOS_DEPLOYMENT_TARGET = 18.0;
				LOCALIZATION_PREFERS_STRING_CATALOGS = YES;
				MTL_ENABLE_DEBUG_INFO = INCLUDE_SOURCE;
				MTL_FAST_MATH = YES;
				ONLY_ACTIVE_ARCH = YES;
				SDKROOT = iphoneos;
				SWIFT_ACTIVE_COMPILATION_CONDITIONS = "DEBUG $(inherited)";
				SWIFT_OPTIMIZATION_LEVEL = "-Onone";
			};
			name = Debug;
		};
		4B27BC732E0728D600CDFE95 /* Release */ = {
			isa = XCBuildConfiguration;
			buildSettings = {
				ALWAYS_SEARCH_USER_PATHS = NO;
				ASSETCATALOG_COMPILER_GENERATE_SWIFT_ASSET_SYMBOL_EXTENSIONS = YES;
				CLANG_ANALYZER_NONNULL = YES;
				CLANG_ANALYZER_NUMBER_OBJECT_CONVERSION = YES_AGGRESSIVE;
				CLANG_CXX_LANGUAGE_STANDARD = "gnu++20";
				CLANG_ENABLE_MODULES = YES;
				CLANG_ENABLE_OBJC_ARC = YES;
				CLANG_ENABLE_OBJC_WEAK = YES;
				CLANG_WARN_BLOCK_CAPTURE_AUTORELEASING = YES;
				CLANG_WARN_BOOL_CONVERSION = YES;
				CLANG_WARN_COMMA = YES;
				CLANG_WARN_CONSTANT_CONVERSION = YES;
				CLANG_WARN_DEPRECATED_OBJC_IMPLEMENTATIONS = YES;
				CLANG_WARN_DIRECT_OBJC_ISA_USAGE = YES_ERROR;
				CLANG_WARN_DOCUMENTATION_COMMENTS = YES;
				CLANG_WARN_EMPTY_BODY = YES;
				CLANG_WARN_ENUM_CONVERSION = YES;
				CLANG_WARN_INFINITE_RECURSION = YES;
				CLANG_WARN_INT_CONVERSION = YES;
				CLANG_WARN_NON_LITERAL_NULL_CONVERSION = YES;
				CLANG_WARN_OBJC_IMPLICIT_RETAIN_SELF = YES;
				CLANG_WARN_OBJC_LITERAL_CONVERSION = YES;
				CLANG_WARN_OBJC_ROOT_CLASS = YES_ERROR;
				CLANG_WARN_QUOTED_INCLUDE_IN_FRAMEWORK_HEADER = YES;
				CLANG_WARN_RANGE_LOOP_ANALYSIS = YES;
				CLANG_WARN_STRICT_PROTOTYPES = YES;
				CLANG_WARN_SUSPICIOUS_MOVE = YES;
				CLANG_WARN_UNGUARDED_AVAILABILITY = YES_AGGRESSIVE;
				CLANG_WARN_UNREACHABLE_CODE = YES;
				CLANG_WARN__DUPLICATE_METHOD_MATCH = YES;
				COPY_PHASE_STRIP = NO;
				DEBUG_INFORMATION_FORMAT = "dwarf-with-dsym";
				ENABLE_NS_ASSERTIONS = NO;
				ENABLE_STRICT_OBJC_MSGSEND = YES;
				ENABLE_USER_SCRIPT_SANDBOXING = YES;
				GCC_C_LANGUAGE_STANDARD = gnu17;
				GCC_NO_COMMON_BLOCKS = YES;
				GCC_WARN_64_TO_32_BIT_CONVERSION = YES;
				GCC_WARN_ABOUT_RETURN_TYPE = YES_ERROR;
				GCC_WARN_UNDECLARED_SELECTOR = YES;
				GCC_WARN_UNINITIALIZED_AUTOS = YES_AGGRESSIVE;
				GCC_WARN_UNUSED_FUNCTION = YES;
				GCC_WARN_UNUSED_VARIABLE = YES;
				IPHONEOS_DEPLOYMENT_TARGET = 18.0;
				LOCALIZATION_PREFERS_STRING_CATALOGS = YES;
				MTL_ENABLE_DEBUG_INFO = NO;
				MTL_FAST_MATH = YES;
				SDKROOT = iphoneos;
				SWIFT_COMPILATION_MODE = wholemodule;
				VALIDATE_PRODUCT = YES;
			};
			name = Release;
		};
		4B27BC752E0728D600CDFE95 /* Debug */ = {
			isa = XCBuildConfiguration;
			buildSettings = {
				ASSETCATALOG_COMPILER_APPICON_NAME = AppIcon;
				ASSETCATALOG_COMPILER_GLOBAL_ACCENT_COLOR_NAME = AccentColor;
				CODE_SIGN_STYLE = Automatic;
				CURRENT_PROJECT_VERSION = 1;
				DEVELOPMENT_ASSET_PATHS = "\"HealthDemo/Preview Content\"";
				DEVELOPMENT_TEAM = VSF32V6ZVF;
				ENABLE_PREVIEWS = YES;
				GENERATE_INFOPLIST_FILE = YES;
				INFOPLIST_KEY_UIApplicationSceneManifest_Generation = YES;
				INFOPLIST_KEY_UIApplicationSupportsIndirectInputEvents = YES;
				INFOPLIST_KEY_UILaunchScreen_Generation = YES;
				INFOPLIST_KEY_UISupportedInterfaceOrientations_iPad = "UIInterfaceOrientationPortrait UIInterfaceOrientationPortraitUpsideDown UIInterfaceOrientationLandscapeLeft UIInterfaceOrientationLandscapeRight";
				INFOPLIST_KEY_UISupportedInterfaceOrientations_iPhone = "UIInterfaceOrientationPortrait UIInterfaceOrientationLandscapeLeft UIInterfaceOrientationLandscapeRight";
				LD_RUNPATH_SEARCH_PATHS = (
					"$(inherited)",
					"@executable_path/Frameworks",
				);
				MARKETING_VERSION = 1.0;
				PRODUCT_BUNDLE_IDENTIFIER = com.moon1it.HealthDemo;
				PRODUCT_NAME = "$(TARGET_NAME)";
				SWIFT_EMIT_LOC_STRINGS = YES;
				SWIFT_VERSION = 5.0;
				TARGETED_DEVICE_FAMILY = "1,2";
			};
			name = Debug;
		};
		4B27BC762E0728D600CDFE95 /* Release */ = {
			isa = XCBuildConfiguration;
			buildSettings = {
				ASSETCATALOG_COMPILER_APPICON_NAME = AppIcon;
				ASSETCATALOG_COMPILER_GLOBAL_ACCENT_COLOR_NAME = AccentColor;
				CODE_SIGN_STYLE = Automatic;
				CURRENT_PROJECT_VERSION = 1;
				DEVELOPMENT_ASSET_PATHS = "\"HealthDemo/Preview Content\"";
				DEVELOPMENT_TEAM = VSF32V6ZVF;
				ENABLE_PREVIEWS = YES;
				GENERATE_INFOPLIST_FILE = YES;
				INFOPLIST_KEY_UIApplicationSceneManifest_Generation = YES;
				INFOPLIST_KEY_UIApplicationSupportsIndirectInputEvents = YES;
				INFOPLIST_KEY_UILaunchScreen_Generation = YES;
				INFOPLIST_KEY_UISupportedInterfaceOrientations_iPad = "UIInterfaceOrientationPortrait UIInterfaceOrientationPortraitUpsideDown UIInterfaceOrientationLandscapeLeft UIInterfaceOrientationLandscapeRight";
				INFOPLIST_KEY_UISupportedInterfaceOrientations_iPhone = "UIInterfaceOrientationPortrait UIInterfaceOrientationLandscapeLeft UIInterfaceOrientationLandscapeRight";
				LD_RUNPATH_SEARCH_PATHS = (
					"$(inherited)",
					"@executable_path/Frameworks",
				);
				MARKETING_VERSION = 1.0;
				PRODUCT_BUNDLE_IDENTIFIER = com.moon1it.HealthDemo;
				PRODUCT_NAME = "$(TARGET_NAME)";
				SWIFT_EMIT_LOC_STRINGS = YES;
				SWIFT_VERSION = 5.0;
				TARGETED_DEVICE_FAMILY = "1,2";
			};
			name = Release;
		};
		4B27BC782E0728D600CDFE95 /* Debug */ = {
			isa = XCBuildConfiguration;
			buildSettings = {
				BUNDLE_LOADER = "$(TEST_HOST)";
				CODE_SIGN_STYLE = Automatic;
				CURRENT_PROJECT_VERSION = 1;
				DEVELOPMENT_TEAM = VSF32V6ZVF;
				GENERATE_INFOPLIST_FILE = YES;
				IPHONEOS_DEPLOYMENT_TARGET = 18.0;
				MARKETING_VERSION = 1.0;
				PRODUCT_BUNDLE_IDENTIFIER = com.moon1it.HealthDemoTests;
				PRODUCT_NAME = "$(TARGET_NAME)";
				SWIFT_EMIT_LOC_STRINGS = NO;
				SWIFT_VERSION = 5.0;
				TARGETED_DEVICE_FAMILY = "1,2";
				TEST_HOST = "$(BUILT_PRODUCTS_DIR)/HealthDemo.app/$(BUNDLE_EXECUTABLE_FOLDER_PATH)/HealthDemo";
			};
			name = Debug;
		};
		4B27BC792E0728D600CDFE95 /* Release */ = {
			isa = XCBuildConfiguration;
			buildSettings = {
				BUNDLE_LOADER = "$(TEST_HOST)";
				CODE_SIGN_STYLE = Automatic;
				CURRENT_PROJECT_VERSION = 1;
				DEVELOPMENT_TEAM = VSF32V6ZVF;
				GENERATE_INFOPLIST_FILE = YES;
				IPHONEOS_DEPLOYMENT_TARGET = 18.0;
				MARKETING_VERSION = 1.0;
				PRODUCT_BUNDLE_IDENTIFIER = com.moon1it.HealthDemoTests;
				PRODUCT_NAME = "$(TARGET_NAME)";
				SWIFT_EMIT_LOC_STRINGS = NO;
				SWIFT_VERSION = 5.0;
				TARGETED_DEVICE_FAMILY = "1,2";
				TEST_HOST = "$(BUILT_PRODUCTS_DIR)/HealthDemo.app/$(BUNDLE_EXECUTABLE_FOLDER_PATH)/HealthDemo";
			};
			name = Release;
		};
		4B27BC7B2E0728D600CDFE95 /* Debug */ = {
			isa = XCBuildConfiguration;
			buildSettings = {
				CODE_SIGN_STYLE = Automatic;
				CURRENT_PROJECT_VERSION = 1;
				DEVELOPMENT_TEAM = VSF32V6ZVF;
				GENERATE_INFOPLIST_FILE = YES;
				MARKETING_VERSION = 1.0;
				PRODUCT_BUNDLE_IDENTIFIER = com.moon1it.HealthDemoUITests;
				PRODUCT_NAME = "$(TARGET_NAME)";
				SWIFT_EMIT_LOC_STRINGS = NO;
				SWIFT_VERSION = 5.0;
				TARGETED_DEVICE_FAMILY = "1,2";
				TEST_TARGET_NAME = HealthDemo;
			};
			name = Debug;
		};
		4B27BC7C2E0728D600CDFE95 /* Release */ = {
			isa = XCBuildConfiguration;
			buildSettings = {
				CODE_SIGN_STYLE = Automatic;
				CURRENT_PROJECT_VERSION = 1;
				DEVELOPMENT_TEAM = VSF32V6ZVF;
				GENERATE_INFOPLIST_FILE = YES;
				MARKETING_VERSION = 1.0;
				PRODUCT_BUNDLE_IDENTIFIER = com.moon1it.HealthDemoUITests;
				PRODUCT_NAME = "$(TARGET_NAME)";
				SWIFT_EMIT_LOC_STRINGS = NO;
				SWIFT_VERSION = 5.0;
				TARGETED_DEVICE_FAMILY = "1,2";
				TEST_TARGET_NAME = HealthDemo;
			};
			name = Release;
		};
/* End XCBuildConfiguration section */

/* Begin XCConfigurationList section */
		4B27BC4B2E0728D300CDFE95 /* Build configuration list for PBXProject "HealthDemo" */ = {
			isa = XCConfigurationList;
			buildConfigurations = (
				4B27BC722E0728D600CDFE95 /* Debug */,
				4B27BC732E0728D600CDFE95 /* Release */,
			);
			defaultConfigurationIsVisible = 0;
			defaultConfigurationName = Release;
		};
		4B27BC742E0728D600CDFE95 /* Build configuration list for PBXNativeTarget "HealthDemo" */ = {
			isa = XCConfigurationList;
			buildConfigurations = (
				4B27BC752E0728D600CDFE95 /* Debug */,
				4B27BC762E0728D600CDFE95 /* Release */,
			);
			defaultConfigurationIsVisible = 0;
			defaultConfigurationName = Release;
		};
		4B27BC772E0728D600CDFE95 /* Build configuration list for PBXNativeTarget "HealthDemoTests" */ = {
			isa = XCConfigurationList;
			buildConfigurations = (
				4B27BC782E0728D600CDFE95 /* Debug */,
				4B27BC792E0728D600CDFE95 /* Release */,
			);
			defaultConfigurationIsVisible = 0;
			defaultConfigurationName = Release;
		};
		4B27BC7A2E0728D600CDFE95 /* Build configuration list for PBXNativeTarget "HealthDemoUITests" */ = {
			isa = XCConfigurationList;
			buildConfigurations = (
				4B27BC7B2E0728D600CDFE95 /* Debug */,
				4B27BC7C2E0728D600CDFE95 /* Release */,
			);
			defaultConfigurationIsVisible = 0;
			defaultConfigurationName = Release;
		};
/* End XCConfigurationList section */
	};
	rootObject = 4B27BC482E0728D300CDFE95 /* Project object */;
}
